
Microsoft Visual Studio Solution File, Format Version 12.00
# Visual Studio Version 17
VisualStudioVersion = 17.5.002.0
MinimumVisualStudioVersion = 10.0.40219.1
Project("{9A19103F-16F7-4668-BE54-9A1E7A4F7556}") = "Dominio", "Dominio\Dominio.csproj", "{F38D25A5-47E5-42A1-BF39-85F5373565F3}"
EndProject
Project("{2150E333-8FDC-42A3-9474-1A3956D46DE8}") = "SolfatrelloApp", "SolfatrelloApp", "{D55EC700-C15E-4204-8A63-583414D01E13}"
EndProject
Project("{9A19103F-16F7-4668-BE54-9A1E7A4F7556}") = "SolfatrelloApp", "SolfatrelloApp\SolfatrelloApp\SolfatrelloApp.csproj", "{BB9E2099-3DF8-4886-89CF-48A079002991}"
EndProject
Project("{9A19103F-16F7-4668-BE54-9A1E7A4F7556}") = "SolfatrelloApp.Client", "SolfatrelloApp\SolfatrelloApp.Client\SolfatrelloApp.Client.csproj", "{9B574887-F2F7-4A83-9832-5C8C8067C7A3}"
EndProject
Global
	GlobalSection(SolutionConfigurationPlatforms) = preSolution
		Debug|Any CPU = Debug|Any CPU
		Release|Any CPU = Release|Any CPU
	EndGlobalSection
	GlobalSection(ProjectConfigurationPlatforms) = postSolution
		{F38D25A5-47E5-42A1-BF39-85F5373565F3}.Debug|Any CPU.ActiveCfg = Debug|Any CPU
		{F38D25A5-47E5-42A1-BF39-85F5373565F3}.Debug|Any CPU.Build.0 = Debug|Any CPU
		{F38D25A5-47E5-42A1-BF39-85F5373565F3}.Release|Any CPU.ActiveCfg = Release|Any CPU
		{F38D25A5-47E5-42A1-BF39-85F5373565F3}.Release|Any CPU.Build.0 = Release|Any CPU
		{BB9E2099-3DF8-4886-89CF-48A079002991}.Debug|Any CPU.ActiveCfg = Debug|Any CPU
		{BB9E2099-3DF8-4886-89CF-48A079002991}.Debug|Any CPU.Build.0 = Debug|Any CPU
		{BB9E2099-3DF8-4886-89CF-48A079002991}.Release|Any CPU.ActiveCfg = Release|Any CPU
		{BB9E2099-3DF8-4886-89CF-48A079002991}.Release|Any CPU.Build.0 = Release|Any CPU
		{9B574887-F2F7-4A83-9832-5C8C8067C7A3}.Debug|Any CPU.ActiveCfg = Debug|Any CPU
		{9B574887-F2F7-4A83-9832-5C8C8067C7A3}.Debug|Any CPU.Build.0 = Debug|Any CPU
		{9B574887-F2F7-4A83-9832-5C8C8067C7A3}.Release|Any CPU.ActiveCfg = Release|Any CPU
		{9B574887-F2F7-4A83-9832-5C8C8067C7A3}.Release|Any CPU.Build.0 = Release|Any CPU
	EndGlobalSection
	GlobalSection(SolutionProperties) = preSolution
		HideSolutionNode = FALSE
	EndGlobalSection
	GlobalSection(NestedProjects) = preSolution
		{BB9E2099-3DF8-4886-89CF-48A079002991} = {D55EC700-C15E-4204-8A63-583414D01E13}
		{9B574887-F2F7-4A83-9832-5C8C8067C7A3} = {D55EC700-C15E-4204-8A63-583414D01E13}
	EndGlobalSection
	GlobalSection(ExtensibilityGlobals) = postSolution
		SolutionGuid = {45E6553F-F267-4B93-BBEB-65A210BA6DAA}
	EndGlobalSection
EndGlobal
